
Microsoft Visual Studio Solution File, Format Version 12.00
# Visual Studio Version 16
VisualStudioVersion = 16.0.32630.195
MinimumVisualStudioVersion = 10.0.40219.1
Project("{FAE04EC0-301F-11D3-BF4B-00C04F79EFBC}") = "Sitecore.Forms.Report.Viewer", "Sitecore.Forms.Report.Viewer.csproj", "{5E67C673-D00E-4FE7-B83D-1AAEE47BB942}"
EndProject
Global
	GlobalSection(SolutionConfigurationPlatforms) = preSolution
		CD_PROD|Any CPU = CD_PROD|Any CPU
		CD_UAT|Any CPU = CD_UAT|Any CPU
		CM_PROD|Any CPU = CM_PROD|Any CPU
		CM_UAT|Any CPU = CM_UAT|Any CPU
		Debug|Any CPU = Debug|Any CPU
		PROD|Any CPU = PROD|Any CPU
		Release|Any CPU = Release|Any CPU
		SIT|Any CPU = SIT|Any CPU
		UAT|Any CPU = UAT|Any CPU
	EndGlobalSection
	GlobalSection(ProjectConfigurationPlatforms) = postSolution
		{5E67C673-D00E-4FE7-B83D-1AAEE47BB942}.CD_PROD|Any CPU.ActiveCfg = CD_PROD|Any CPU
		{5E67C673-D00E-4FE7-B83D-1AAEE47BB942}.CD_PROD|Any CPU.Build.0 = CD_PROD|Any CPU
		{5E67C673-D00E-4FE7-B83D-1AAEE47BB942}.CD_UAT|Any CPU.ActiveCfg = CD_UAT|Any CPU
		{5E67C673-D00E-4FE7-B83D-1AAEE47BB942}.CD_UAT|Any CPU.Build.0 = CD_UAT|Any CPU
		{5E67C673-D00E-4FE7-B83D-1AAEE47BB942}.CM_PROD|Any CPU.ActiveCfg = CM_PROD|Any CPU
		{5E67C673-D00E-4FE7-B83D-1AAEE47BB942}.CM_PROD|Any CPU.Build.0 = CM_PROD|Any CPU
		{5E67C673-D00E-4FE7-B83D-1AAEE47BB942}.CM_UAT|Any CPU.ActiveCfg = CM_UAT|Any CPU
		{5E67C673-D00E-4FE7-B83D-1AAEE47BB942}.CM_UAT|Any CPU.Build.0 = CM_UAT|Any CPU
		{5E67C673-D00E-4FE7-B83D-1AAEE47BB942}.Debug|Any CPU.ActiveCfg = Debug|Any CPU
		{5E67C673-D00E-4FE7-B83D-1AAEE47BB942}.Debug|Any CPU.Build.0 = Debug|Any CPU
		{5E67C673-D00E-4FE7-B83D-1AAEE47BB942}.PROD|Any CPU.ActiveCfg = PROD|Any CPU
		{5E67C673-D00E-4FE7-B83D-1AAEE47BB942}.PROD|Any CPU.Build.0 = PROD|Any CPU
		{5E67C673-D00E-4FE7-B83D-1AAEE47BB942}.Release|Any CPU.ActiveCfg = Release|Any CPU
		{5E67C673-D00E-4FE7-B83D-1AAEE47BB942}.Release|Any CPU.Build.0 = Release|Any CPU
		{5E67C673-D00E-4FE7-B83D-1AAEE47BB942}.SIT|Any CPU.ActiveCfg = SIT|Any CPU
		{5E67C673-D00E-4FE7-B83D-1AAEE47BB942}.SIT|Any CPU.Build.0 = SIT|Any CPU
		{5E67C673-D00E-4FE7-B83D-1AAEE47BB942}.UAT|Any CPU.ActiveCfg = UAT|Any CPU
		{5E67C673-D00E-4FE7-B83D-1AAEE47BB942}.UAT|Any CPU.Build.0 = UAT|Any CPU
	EndGlobalSection
	GlobalSection(SolutionProperties) = preSolution
		HideSolutionNode = FALSE
	EndGlobalSection
	GlobalSection(ExtensibilityGlobals) = postSolution
		SolutionGuid = {CF1B3B5D-1C84-45E7-97AA-B98B031B3B2E}
	EndGlobalSection
EndGlobal
